
Microsoft Visual Studio Solution File, Format Version 12.00
Project("{FAE04EC0-301F-11D3-BF4B-00C04F79EFBC}") = "FrontBot", "FrontBot.csproj", "{477CD8BD-3C95-4A5D-BEB3-AD4E05B303CD}"
EndProject
Global
	GlobalSection(SolutionConfigurationPlatforms) = preSolution
		Debug|Any CPU = Debug|Any CPU
		Release|Any CPU = Release|Any CPU
	EndGlobalSection
	GlobalSection(ProjectConfigurationPlatforms) = postSolution
		{477CD8BD-3C95-4A5D-BEB3-AD4E05B303CD}.Debug|Any CPU.ActiveCfg = Debug|Any CPU
		{477CD8BD-3C95-4A5D-BEB3-AD4E05B303CD}.Debug|Any CPU.Build.0 = Debug|Any CPU
		{477CD8BD-3C95-4A5D-BEB3-AD4E05B303CD}.Release|Any CPU.ActiveCfg = Release|Any CPU
		{477CD8BD-3C95-4A5D-BEB3-AD4E05B303CD}.Release|Any CPU.Build.0 = Release|Any CPU
	EndGlobalSection
EndGlobal
